// !$*UTF8*$!
{
	archiveVersion = 1;
	classes = {
	};
	objectVersion = 51;
	objects = {

/* Begin PBXBuildFile section */
		5001E26122CF520500644E06 /* LabelBindingTests.swift in Sources */ = {isa = PBXBuildFile; fileRef = 5001E26022CF520500644E06 /* LabelBindingTests.swift */; };
		50106A272237E49E002C634A /* STT.framework in Frameworks */ = {isa = PBXBuildFile; fileRef = 50106A1D2237E49E002C634A /* STT.framework */; };
		50106A2C2237E49E002C634A /* STTTests.swift in Sources */ = {isa = PBXBuildFile; fileRef = 50106A2B2237E49E002C634A /* STTTests.swift */; };
		506C3F4B22CF64080022D218 /* DoubleGenericBindingTests.swift in Sources */ = {isa = PBXBuildFile; fileRef = 506C3F4A22CF64080022D218 /* DoubleGenericBindingTests.swift */; };
		50DB4CDB232B7DC900FDADA5 /* PresenterType.swift in Sources */ = {isa = PBXBuildFile; fileRef = 50DB4CDA232B7DC900FDADA5 /* PresenterType.swift */; };
		50DB4DC5232B7F6700FDADA5 /* View.swift in Sources */ = {isa = PBXBuildFile; fileRef = 50DB4DC4232B7F6700FDADA5 /* View.swift */; };
		50DB4DC7232B856900FDADA5 /* ViewController.swift in Sources */ = {isa = PBXBuildFile; fileRef = 50DB4DC6232B856900FDADA5 /* ViewController.swift */; };
		50DB4DCA232B8ACC00FDADA5 /* KeyboardNotification.swift in Sources */ = {isa = PBXBuildFile; fileRef = 50DB4DC9232B8ACC00FDADA5 /* KeyboardNotification.swift */; };
		7D624669232CC1A3008D60E8 /* MulticastDelegate.swift in Sources */ = {isa = PBXBuildFile; fileRef = 7D624668232CC1A3008D60E8 /* MulticastDelegate.swift */; };
		7D62466B232CC299008D60E8 /* GlobalObserver.swift in Sources */ = {isa = PBXBuildFile; fileRef = 7D62466A232CC299008D60E8 /* GlobalObserver.swift */; };
		7D62466D232CC9A0008D60E8 /* KeyboardViewController.swift in Sources */ = {isa = PBXBuildFile; fileRef = 7D62466C232CC9A0008D60E8 /* KeyboardViewController.swift */; };
		7D62466F232CCA0B008D60E8 /* Presenter.swift in Sources */ = {isa = PBXBuildFile; fileRef = 7D62466E232CCA0B008D60E8 /* Presenter.swift */; };
		7D6F4714232CECFD00E86338 /* STT.podspec in Resources */ = {isa = PBXBuildFile; fileRef = 7D6F4713232CECFD00E86338 /* STT.podspec */; };
		7D98ECE1232D34BE00980EFC /* AVAssetExtensions.swift in Sources */ = {isa = PBXBuildFile; fileRef = 7D98ECC7232D34BD00980EFC /* AVAssetExtensions.swift */; };
		7D98ECE2232D34BE00980EFC /* DataExtensions.swift in Sources */ = {isa = PBXBuildFile; fileRef = 7D98ECC8232D34BD00980EFC /* DataExtensions.swift */; };
		7D98ECE3232D34BE00980EFC /* UIViewControllerExtensions.swift in Sources */ = {isa = PBXBuildFile; fileRef = 7D98ECC9232D34BD00980EFC /* UIViewControllerExtensions.swift */; };
		7D98ECE5232D34BE00980EFC /* DateExtensions.swift in Sources */ = {isa = PBXBuildFile; fileRef = 7D98ECCB232D34BD00980EFC /* DateExtensions.swift */; };
		7D98ECE6232D34BE00980EFC /* ArrayExtensions.swift in Sources */ = {isa = PBXBuildFile; fileRef = 7D98ECCC232D34BD00980EFC /* ArrayExtensions.swift */; };
		7D98ECE7232D34BE00980EFC /* UIColorExtensions.swift in Sources */ = {isa = PBXBuildFile; fileRef = 7D98ECCD232D34BD00980EFC /* UIColorExtensions.swift */; };
		7D98ECE8232D34BE00980EFC /* UIStackViewExtensions.swift in Sources */ = {isa = PBXBuildFile; fileRef = 7D98ECCE232D34BD00980EFC /* UIStackViewExtensions.swift */; };
		7D98ECE9232D34BE00980EFC /* UINavigationControllerExtensions.swift in Sources */ = {isa = PBXBuildFile; fileRef = 7D98ECCF232D34BD00980EFC /* UINavigationControllerExtensions.swift */; };
		7D98ECEB232D34BE00980EFC /* UIViewExtensions.swift in Sources */ = {isa = PBXBuildFile; fileRef = 7D98ECD1232D34BD00980EFC /* UIViewExtensions.swift */; };
		7D98ECEC232D34BE00980EFC /* UISegmentControlExtensions.swift in Sources */ = {isa = PBXBuildFile; fileRef = 7D98ECD2232D34BD00980EFC /* UISegmentControlExtensions.swift */; };
		7D98ECED232D34BE00980EFC /* Dictionary+NSAttributedStringKey.swift in Sources */ = {isa = PBXBuildFile; fileRef = 7D98ECD3232D34BD00980EFC /* Dictionary+NSAttributedStringKey.swift */; };
		7D98ECEE232D34BE00980EFC /* URLExtensions.swift in Sources */ = {isa = PBXBuildFile; fileRef = 7D98ECD4232D34BD00980EFC /* URLExtensions.swift */; };
		7D98ECEF232D34BE00980EFC /* EncodableExtensions.swift in Sources */ = {isa = PBXBuildFile; fileRef = 7D98ECD5232D34BD00980EFC /* EncodableExtensions.swift */; };
		7D98ECF0232D34BE00980EFC /* UIPanGestureRecognizerExtensions.swift in Sources */ = {isa = PBXBuildFile; fileRef = 7D98ECD6232D34BD00980EFC /* UIPanGestureRecognizerExtensions.swift */; };
		7D98ECF2232D34BE00980EFC /* FormatterExtensions.swift in Sources */ = {isa = PBXBuildFile; fileRef = 7D98ECD8232D34BD00980EFC /* FormatterExtensions.swift */; };
		7D98ECF3232D34BE00980EFC /* UICollectionViewExtensions.swift in Sources */ = {isa = PBXBuildFile; fileRef = 7D98ECD9232D34BE00980EFC /* UICollectionViewExtensions.swift */; };
		7D98ECF4232D34BE00980EFC /* UITableViewExtensions.swift in Sources */ = {isa = PBXBuildFile; fileRef = 7D98ECDA232D34BE00980EFC /* UITableViewExtensions.swift */; };
		7D98ECF5232D34BE00980EFC /* UIApplicationExtensions.swift in Sources */ = {isa = PBXBuildFile; fileRef = 7D98ECDB232D34BE00980EFC /* UIApplicationExtensions.swift */; };
		7D98ECF6232D34BE00980EFC /* StringExtensions.swift in Sources */ = {isa = PBXBuildFile; fileRef = 7D98ECDC232D34BE00980EFC /* StringExtensions.swift */; };
		7D98ECF8232D34BE00980EFC /* JsonDecoderExtensions.swift in Sources */ = {isa = PBXBuildFile; fileRef = 7D98ECDE232D34BE00980EFC /* JsonDecoderExtensions.swift */; };
		7D98ECF9232D34BE00980EFC /* UIImageExtensions.swift in Sources */ = {isa = PBXBuildFile; fileRef = 7D98ECDF232D34BE00980EFC /* UIImageExtensions.swift */; };
		7D98ED36232D504800980EFC /* UINavigationBarExtensions.swift in Sources */ = {isa = PBXBuildFile; fileRef = 7D98ED35232D504800980EFC /* UINavigationBarExtensions.swift */; };
		E091BD464B3C8A8E268C2615 /* Pods_STT.framework in Frameworks */ = {isa = PBXBuildFile; fileRef = 4F07C78CD80E06DA402D8120 /* Pods_STT.framework */; };
		FEA627B2DAC18A2A07DDCD1D /* Pods_STT_STTTests.framework in Frameworks */ = {isa = PBXBuildFile; fileRef = B6708AD67BF4A9E371E2ADCA /* Pods_STT_STTTests.framework */; };
/* End PBXBuildFile section */

/* Begin PBXContainerItemProxy section */
		50106A282237E49E002C634A /* PBXContainerItemProxy */ = {
			isa = PBXContainerItemProxy;
			containerPortal = 50106A142237E49E002C634A /* Project object */;
			proxyType = 1;
			remoteGlobalIDString = 50106A1C2237E49E002C634A;
			remoteInfo = STT;
		};
/* End PBXContainerItemProxy section */

/* Begin PBXFileReference section */
		4CB31041FCD1F0EA231A42E4 /* Pods-STT-STTTests.release.xcconfig */ = {isa = PBXFileReference; includeInIndex = 1; lastKnownFileType = text.xcconfig; name = "Pods-STT-STTTests.release.xcconfig"; path = "Target Support Files/Pods-STT-STTTests/Pods-STT-STTTests.release.xcconfig"; sourceTree = "<group>"; };
		4F07C78CD80E06DA402D8120 /* Pods_STT.framework */ = {isa = PBXFileReference; explicitFileType = wrapper.framework; includeInIndex = 0; path = Pods_STT.framework; sourceTree = BUILT_PRODUCTS_DIR; };
		5001E26022CF520500644E06 /* LabelBindingTests.swift */ = {isa = PBXFileReference; lastKnownFileType = sourcecode.swift; path = LabelBindingTests.swift; sourceTree = "<group>"; };
		50106A1D2237E49E002C634A /* STT.framework */ = {isa = PBXFileReference; explicitFileType = wrapper.framework; includeInIndex = 0; path = STT.framework; sourceTree = BUILT_PRODUCTS_DIR; };
		50106A212237E49E002C634A /* Info.plist */ = {isa = PBXFileReference; lastKnownFileType = text.plist.xml; path = Info.plist; sourceTree = "<group>"; };
		50106A262237E49E002C634A /* STTTests.xctest */ = {isa = PBXFileReference; explicitFileType = wrapper.cfbundle; includeInIndex = 0; path = STTTests.xctest; sourceTree = BUILT_PRODUCTS_DIR; };
		50106A2B2237E49E002C634A /* STTTests.swift */ = {isa = PBXFileReference; lastKnownFileType = sourcecode.swift; path = STTTests.swift; sourceTree = "<group>"; };
		50106A2D2237E49E002C634A /* Info.plist */ = {isa = PBXFileReference; lastKnownFileType = text.plist.xml; path = Info.plist; sourceTree = "<group>"; };
		506C3F4A22CF64080022D218 /* DoubleGenericBindingTests.swift */ = {isa = PBXFileReference; lastKnownFileType = sourcecode.swift; path = DoubleGenericBindingTests.swift; sourceTree = "<group>"; };
		50DB4CDA232B7DC900FDADA5 /* PresenterType.swift */ = {isa = PBXFileReference; lastKnownFileType = sourcecode.swift; path = PresenterType.swift; sourceTree = "<group>"; };
		50DB4DC4232B7F6700FDADA5 /* View.swift */ = {isa = PBXFileReference; lastKnownFileType = sourcecode.swift; path = View.swift; sourceTree = "<group>"; };
		50DB4DC6232B856900FDADA5 /* ViewController.swift */ = {isa = PBXFileReference; lastKnownFileType = sourcecode.swift; path = ViewController.swift; sourceTree = "<group>"; };
		50DB4DC9232B8ACC00FDADA5 /* KeyboardNotification.swift */ = {isa = PBXFileReference; lastKnownFileType = sourcecode.swift; path = KeyboardNotification.swift; sourceTree = "<group>"; };
		7BE2066B701C5513D731D7AA /* Pods-STT.debug.xcconfig */ = {isa = PBXFileReference; includeInIndex = 1; lastKnownFileType = text.xcconfig; name = "Pods-STT.debug.xcconfig"; path = "Target Support Files/Pods-STT/Pods-STT.debug.xcconfig"; sourceTree = "<group>"; };
		7D624668232CC1A3008D60E8 /* MulticastDelegate.swift */ = {isa = PBXFileReference; fileEncoding = 4; lastKnownFileType = sourcecode.swift; path = MulticastDelegate.swift; sourceTree = "<group>"; };
		7D62466A232CC299008D60E8 /* GlobalObserver.swift */ = {isa = PBXFileReference; lastKnownFileType = sourcecode.swift; path = GlobalObserver.swift; sourceTree = "<group>"; };
		7D62466C232CC9A0008D60E8 /* KeyboardViewController.swift */ = {isa = PBXFileReference; lastKnownFileType = sourcecode.swift; path = KeyboardViewController.swift; sourceTree = "<group>"; };
		7D62466E232CCA0B008D60E8 /* Presenter.swift */ = {isa = PBXFileReference; lastKnownFileType = sourcecode.swift; path = Presenter.swift; sourceTree = "<group>"; };
		7D6F4713232CECFD00E86338 /* STT.podspec */ = {isa = PBXFileReference; fileEncoding = 4; lastKnownFileType = text; path = STT.podspec; sourceTree = "<group>"; };
		7D98ECC7232D34BD00980EFC /* AVAssetExtensions.swift */ = {isa = PBXFileReference; fileEncoding = 4; lastKnownFileType = sourcecode.swift; path = AVAssetExtensions.swift; sourceTree = "<group>"; };
		7D98ECC8232D34BD00980EFC /* DataExtensions.swift */ = {isa = PBXFileReference; fileEncoding = 4; lastKnownFileType = sourcecode.swift; path = DataExtensions.swift; sourceTree = "<group>"; };
		7D98ECC9232D34BD00980EFC /* UIViewControllerExtensions.swift */ = {isa = PBXFileReference; fileEncoding = 4; lastKnownFileType = sourcecode.swift; path = UIViewControllerExtensions.swift; sourceTree = "<group>"; };
		7D98ECCB232D34BD00980EFC /* DateExtensions.swift */ = {isa = PBXFileReference; fileEncoding = 4; lastKnownFileType = sourcecode.swift; path = DateExtensions.swift; sourceTree = "<group>"; };
		7D98ECCC232D34BD00980EFC /* ArrayExtensions.swift */ = {isa = PBXFileReference; fileEncoding = 4; lastKnownFileType = sourcecode.swift; path = ArrayExtensions.swift; sourceTree = "<group>"; };
		7D98ECCD232D34BD00980EFC /* UIColorExtensions.swift */ = {isa = PBXFileReference; fileEncoding = 4; lastKnownFileType = sourcecode.swift; path = UIColorExtensions.swift; sourceTree = "<group>"; };
		7D98ECCE232D34BD00980EFC /* UIStackViewExtensions.swift */ = {isa = PBXFileReference; fileEncoding = 4; lastKnownFileType = sourcecode.swift; path = UIStackViewExtensions.swift; sourceTree = "<group>"; };
		7D98ECCF232D34BD00980EFC /* UINavigationControllerExtensions.swift */ = {isa = PBXFileReference; fileEncoding = 4; lastKnownFileType = sourcecode.swift; path = UINavigationControllerExtensions.swift; sourceTree = "<group>"; };
		7D98ECD1232D34BD00980EFC /* UIViewExtensions.swift */ = {isa = PBXFileReference; fileEncoding = 4; lastKnownFileType = sourcecode.swift; path = UIViewExtensions.swift; sourceTree = "<group>"; };
		7D98ECD2232D34BD00980EFC /* UISegmentControlExtensions.swift */ = {isa = PBXFileReference; fileEncoding = 4; lastKnownFileType = sourcecode.swift; path = UISegmentControlExtensions.swift; sourceTree = "<group>"; };
		7D98ECD3232D34BD00980EFC /* Dictionary+NSAttributedStringKey.swift */ = {isa = PBXFileReference; fileEncoding = 4; lastKnownFileType = sourcecode.swift; path = "Dictionary+NSAttributedStringKey.swift"; sourceTree = "<group>"; };
		7D98ECD4232D34BD00980EFC /* URLExtensions.swift */ = {isa = PBXFileReference; fileEncoding = 4; lastKnownFileType = sourcecode.swift; path = URLExtensions.swift; sourceTree = "<group>"; };
		7D98ECD5232D34BD00980EFC /* EncodableExtensions.swift */ = {isa = PBXFileReference; fileEncoding = 4; lastKnownFileType = sourcecode.swift; path = EncodableExtensions.swift; sourceTree = "<group>"; };
		7D98ECD6232D34BD00980EFC /* UIPanGestureRecognizerExtensions.swift */ = {isa = PBXFileReference; fileEncoding = 4; lastKnownFileType = sourcecode.swift; path = UIPanGestureRecognizerExtensions.swift; sourceTree = "<group>"; };
		7D98ECD8232D34BD00980EFC /* FormatterExtensions.swift */ = {isa = PBXFileReference; fileEncoding = 4; lastKnownFileType = sourcecode.swift; path = FormatterExtensions.swift; sourceTree = "<group>"; };
		7D98ECD9232D34BE00980EFC /* UICollectionViewExtensions.swift */ = {isa = PBXFileReference; fileEncoding = 4; lastKnownFileType = sourcecode.swift; path = UICollectionViewExtensions.swift; sourceTree = "<group>"; };
		7D98ECDA232D34BE00980EFC /* UITableViewExtensions.swift */ = {isa = PBXFileReference; fileEncoding = 4; lastKnownFileType = sourcecode.swift; path = UITableViewExtensions.swift; sourceTree = "<group>"; };
		7D98ECDB232D34BE00980EFC /* UIApplicationExtensions.swift */ = {isa = PBXFileReference; fileEncoding = 4; lastKnownFileType = sourcecode.swift; path = UIApplicationExtensions.swift; sourceTree = "<group>"; };
		7D98ECDC232D34BE00980EFC /* StringExtensions.swift */ = {isa = PBXFileReference; fileEncoding = 4; lastKnownFileType = sourcecode.swift; path = StringExtensions.swift; sourceTree = "<group>"; };
		7D98ECDE232D34BE00980EFC /* JsonDecoderExtensions.swift */ = {isa = PBXFileReference; fileEncoding = 4; lastKnownFileType = sourcecode.swift; path = JsonDecoderExtensions.swift; sourceTree = "<group>"; };
		7D98ECDF232D34BE00980EFC /* UIImageExtensions.swift */ = {isa = PBXFileReference; fileEncoding = 4; lastKnownFileType = sourcecode.swift; path = UIImageExtensions.swift; sourceTree = "<group>"; };
		7D98ED35232D504800980EFC /* UINavigationBarExtensions.swift */ = {isa = PBXFileReference; lastKnownFileType = sourcecode.swift; path = UINavigationBarExtensions.swift; sourceTree = "<group>"; };
		B6708AD67BF4A9E371E2ADCA /* Pods_STT_STTTests.framework */ = {isa = PBXFileReference; explicitFileType = wrapper.framework; includeInIndex = 0; path = Pods_STT_STTTests.framework; sourceTree = BUILT_PRODUCTS_DIR; };
		F2A23C0E38B1F75627C89381 /* Pods-STT.release.xcconfig */ = {isa = PBXFileReference; includeInIndex = 1; lastKnownFileType = text.xcconfig; name = "Pods-STT.release.xcconfig"; path = "Target Support Files/Pods-STT/Pods-STT.release.xcconfig"; sourceTree = "<group>"; };
		F2E47C50D2A21A4A8A712D2F /* Pods-STT-STTTests.debug.xcconfig */ = {isa = PBXFileReference; includeInIndex = 1; lastKnownFileType = text.xcconfig; name = "Pods-STT-STTTests.debug.xcconfig"; path = "Target Support Files/Pods-STT-STTTests/Pods-STT-STTTests.debug.xcconfig"; sourceTree = "<group>"; };
/* End PBXFileReference section */

/* Begin PBXFrameworksBuildPhase section */
		50106A1A2237E49E002C634A /* Frameworks */ = {
			isa = PBXFrameworksBuildPhase;
			buildActionMask = 2147483647;
			files = (
				E091BD464B3C8A8E268C2615 /* Pods_STT.framework in Frameworks */,
			);
			runOnlyForDeploymentPostprocessing = 0;
		};
		50106A232237E49E002C634A /* Frameworks */ = {
			isa = PBXFrameworksBuildPhase;
			buildActionMask = 2147483647;
			files = (
				50106A272237E49E002C634A /* STT.framework in Frameworks */,
				FEA627B2DAC18A2A07DDCD1D /* Pods_STT_STTTests.framework in Frameworks */,
			);
			runOnlyForDeploymentPostprocessing = 0;
		};
/* End PBXFrameworksBuildPhase section */

/* Begin PBXGroup section */
		50106A132237E49E002C634A = {
			isa = PBXGroup;
			children = (
				7D6F4713232CECFD00E86338 /* STT.podspec */,
				50106A1F2237E49E002C634A /* STT */,
				50106A2A2237E49E002C634A /* STTTests */,
				50106A1E2237E49E002C634A /* Products */,
				721F5AC8829FCE63EF2F04EC /* Pods */,
				602D2EA27709944DCC90CDE8 /* Frameworks */,
			);
			sourceTree = "<group>";
		};
		50106A1E2237E49E002C634A /* Products */ = {
			isa = PBXGroup;
			children = (
				50106A1D2237E49E002C634A /* STT.framework */,
				50106A262237E49E002C634A /* STTTests.xctest */,
			);
			name = Products;
			sourceTree = "<group>";
		};
		50106A1F2237E49E002C634A /* STT */ = {
			isa = PBXGroup;
			children = (
				7D98ECC4232D348C00980EFC /* Extensions */,
				50DB4DC2232B7F4E00FDADA5 /* Core */,
				50106A212237E49E002C634A /* Info.plist */,
			);
			path = STT;
			sourceTree = "<group>";
		};
		50106A2A2237E49E002C634A /* STTTests */ = {
			isa = PBXGroup;
			children = (
				50106A2B2237E49E002C634A /* STTTests.swift */,
				50106A2D2237E49E002C634A /* Info.plist */,
				5001E26022CF520500644E06 /* LabelBindingTests.swift */,
				506C3F4A22CF64080022D218 /* DoubleGenericBindingTests.swift */,
			);
			path = STTTests;
			sourceTree = "<group>";
		};
		50DB4DC2232B7F4E00FDADA5 /* Core */ = {
			isa = PBXGroup;
			children = (
				50DB4DC8232B8AB400FDADA5 /* Components */,
				50DB4DC3232B7F5400FDADA5 /* Protocols */,
				50DB4DC6232B856900FDADA5 /* ViewController.swift */,
				7D62466C232CC9A0008D60E8 /* KeyboardViewController.swift */,
				7D62466E232CCA0B008D60E8 /* Presenter.swift */,
			);
			path = Core;
			sourceTree = "<group>";
		};
		50DB4DC3232B7F5400FDADA5 /* Protocols */ = {
			isa = PBXGroup;
			children = (
				50DB4CDA232B7DC900FDADA5 /* PresenterType.swift */,
				50DB4DC4232B7F6700FDADA5 /* View.swift */,
			);
			name = Protocols;
			sourceTree = "<group>";
		};
		50DB4DC8232B8AB400FDADA5 /* Components */ = {
			isa = PBXGroup;
			children = (
				7D624668232CC1A3008D60E8 /* MulticastDelegate.swift */,
				50DB4DC9232B8ACC00FDADA5 /* KeyboardNotification.swift */,
				7D62466A232CC299008D60E8 /* GlobalObserver.swift */,
			);
			name = Components;
			sourceTree = "<group>";
		};
		602D2EA27709944DCC90CDE8 /* Frameworks */ = {
			isa = PBXGroup;
			children = (
				4F07C78CD80E06DA402D8120 /* Pods_STT.framework */,
				B6708AD67BF4A9E371E2ADCA /* Pods_STT_STTTests.framework */,
			);
			name = Frameworks;
			sourceTree = "<group>";
		};
		721F5AC8829FCE63EF2F04EC /* Pods */ = {
			isa = PBXGroup;
			children = (
				7BE2066B701C5513D731D7AA /* Pods-STT.debug.xcconfig */,
				F2A23C0E38B1F75627C89381 /* Pods-STT.release.xcconfig */,
				F2E47C50D2A21A4A8A712D2F /* Pods-STT-STTTests.debug.xcconfig */,
				4CB31041FCD1F0EA231A42E4 /* Pods-STT-STTTests.release.xcconfig */,
			);
			path = Pods;
			sourceTree = "<group>";
		};
		7D98ECC4232D348C00980EFC /* Extensions */ = {
			isa = PBXGroup;
			children = (
				7D98ED34232D3D8800980EFC /* Shared */,
				7D98ED33232D3D7F00980EFC /* UIKit */,
				7D98ED32232D3D7300980EFC /* Foundation */,
			);
			path = Extensions;
			sourceTree = "<group>";
		};
		7D98ED32232D3D7300980EFC /* Foundation */ = {
			isa = PBXGroup;
			children = (
				7D98ECCC232D34BD00980EFC /* ArrayExtensions.swift */,
				7D98ECD5232D34BD00980EFC /* EncodableExtensions.swift */,
				7D98ECC8232D34BD00980EFC /* DataExtensions.swift */,
				7D98ECCB232D34BD00980EFC /* DateExtensions.swift */,
				7D98ECD8232D34BD00980EFC /* FormatterExtensions.swift */,
				7D98ECDE232D34BE00980EFC /* JsonDecoderExtensions.swift */,
				7D98ECDC232D34BE00980EFC /* StringExtensions.swift */,
				7D98ECD4232D34BD00980EFC /* URLExtensions.swift */,
			);
			name = Foundation;
			sourceTree = "<group>";
		};
		7D98ED33232D3D7F00980EFC /* UIKit */ = {
			isa = PBXGroup;
			children = (
				7D98ECD3232D34BD00980EFC /* Dictionary+NSAttributedStringKey.swift */,
				7D98ECD9232D34BE00980EFC /* UICollectionViewExtensions.swift */,
				7D98ECCD232D34BD00980EFC /* UIColorExtensions.swift */,
				7D98ECDF232D34BE00980EFC /* UIImageExtensions.swift */,
				7D98ECCF232D34BD00980EFC /* UINavigationControllerExtensions.swift */,
				7D98ED35232D504800980EFC /* UINavigationBarExtensions.swift */,
				7D98ECD6232D34BD00980EFC /* UIPanGestureRecognizerExtensions.swift */,
				7D98ECD2232D34BD00980EFC /* UISegmentControlExtensions.swift */,
				7D98ECCE232D34BD00980EFC /* UIStackViewExtensions.swift */,
				7D98ECDA232D34BE00980EFC /* UITableViewExtensions.swift */,
				7D98ECC9232D34BD00980EFC /* UIViewControllerExtensions.swift */,
				7D98ECD1232D34BD00980EFC /* UIViewExtensions.swift */,
				7D98ECDB232D34BE00980EFC /* UIApplicationExtensions.swift */,
			);
			name = UIKit;
			sourceTree = "<group>";
		};
		7D98ED34232D3D8800980EFC /* Shared */ = {
			isa = PBXGroup;
			children = (
				7D98ECC7232D34BD00980EFC /* AVAssetExtensions.swift */,
			);
			name = Shared;
			sourceTree = "<group>";
		};
/* End PBXGroup section */

/* Begin PBXHeadersBuildPhase section */
		50106A182237E49E002C634A /* Headers */ = {
			isa = PBXHeadersBuildPhase;
			buildActionMask = 2147483647;
			files = (
			);
			runOnlyForDeploymentPostprocessing = 0;
		};
/* End PBXHeadersBuildPhase section */

/* Begin PBXNativeTarget section */
		50106A1C2237E49E002C634A /* STT */ = {
			isa = PBXNativeTarget;
			buildConfigurationList = 50106A312237E49E002C634A /* Build configuration list for PBXNativeTarget "STT" */;
			buildPhases = (
				FDAF9BF7CE6649366CB9E4D4 /* [CP] Check Pods Manifest.lock */,
				50106A182237E49E002C634A /* Headers */,
				50106A192237E49E002C634A /* Sources */,
				50106A1A2237E49E002C634A /* Frameworks */,
				50106A1B2237E49E002C634A /* Resources */,
			);
			buildRules = (
			);
			dependencies = (
			);
			name = STT;
			productName = STT;
			productReference = 50106A1D2237E49E002C634A /* STT.framework */;
			productType = "com.apple.product-type.framework";
		};
		50106A252237E49E002C634A /* STTTests */ = {
			isa = PBXNativeTarget;
			buildConfigurationList = 50106A342237E49E002C634A /* Build configuration list for PBXNativeTarget "STTTests" */;
			buildPhases = (
				B6F9796FA98B724279E9EB94 /* [CP] Check Pods Manifest.lock */,
				50106A222237E49E002C634A /* Sources */,
				50106A232237E49E002C634A /* Frameworks */,
				50106A242237E49E002C634A /* Resources */,
				FF58EE8CD82015BC87AADBF5 /* [CP] Embed Pods Frameworks */,
			);
			buildRules = (
			);
			dependencies = (
				50106A292237E49E002C634A /* PBXTargetDependency */,
			);
			name = STTTests;
			productName = STTTests;
			productReference = 50106A262237E49E002C634A /* STTTests.xctest */;
			productType = "com.apple.product-type.bundle.unit-test";
		};
/* End PBXNativeTarget section */

/* Begin PBXProject section */
		50106A142237E49E002C634A /* Project object */ = {
			isa = PBXProject;
			attributes = {
				LastSwiftUpdateCheck = 1010;
				LastUpgradeCheck = 1010;
				ORGANIZATIONNAME = standret;
				TargetAttributes = {
					50106A1C2237E49E002C634A = {
						CreatedOnToolsVersion = 10.1;
						LastSwiftMigration = 1020;
					};
					50106A252237E49E002C634A = {
						CreatedOnToolsVersion = 10.1;
						LastSwiftMigration = 1020;
					};
				};
			};
			buildConfigurationList = 50106A172237E49E002C634A /* Build configuration list for PBXProject "STT" */;
			compatibilityVersion = "Xcode 9.3";
			developmentRegion = en;
			hasScannedForEncodings = 0;
			knownRegions = (
				en,
				Base,
			);
			mainGroup = 50106A132237E49E002C634A;
			productRefGroup = 50106A1E2237E49E002C634A /* Products */;
			projectDirPath = "";
			projectRoot = "";
			targets = (
				50106A1C2237E49E002C634A /* STT */,
				50106A252237E49E002C634A /* STTTests */,
			);
		};
/* End PBXProject section */

/* Begin PBXResourcesBuildPhase section */
		50106A1B2237E49E002C634A /* Resources */ = {
			isa = PBXResourcesBuildPhase;
			buildActionMask = 2147483647;
			files = (
				7D6F4714232CECFD00E86338 /* STT.podspec in Resources */,
			);
			runOnlyForDeploymentPostprocessing = 0;
		};
		50106A242237E49E002C634A /* Resources */ = {
			isa = PBXResourcesBuildPhase;
			buildActionMask = 2147483647;
			files = (
			);
			runOnlyForDeploymentPostprocessing = 0;
		};
/* End PBXResourcesBuildPhase section */

/* Begin PBXShellScriptBuildPhase section */
		B6F9796FA98B724279E9EB94 /* [CP] Check Pods Manifest.lock */ = {
			isa = PBXShellScriptBuildPhase;
			buildActionMask = 2147483647;
			files = (
			);
			inputFileListPaths = (
			);
			inputPaths = (
				"${PODS_PODFILE_DIR_PATH}/Podfile.lock",
				"${PODS_ROOT}/Manifest.lock",
			);
			name = "[CP] Check Pods Manifest.lock";
			outputFileListPaths = (
			);
			outputPaths = (
				"$(DERIVED_FILE_DIR)/Pods-STT-STTTests-checkManifestLockResult.txt",
			);
			runOnlyForDeploymentPostprocessing = 0;
			shellPath = /bin/sh;
			shellScript = "diff \"${PODS_PODFILE_DIR_PATH}/Podfile.lock\" \"${PODS_ROOT}/Manifest.lock\" > /dev/null\nif [ $? != 0 ] ; then\n    # print error to STDERR\n    echo \"error: The sandbox is not in sync with the Podfile.lock. Run 'pod install' or update your CocoaPods installation.\" >&2\n    exit 1\nfi\n# This output is used by Xcode 'outputs' to avoid re-running this script phase.\necho \"SUCCESS\" > \"${SCRIPT_OUTPUT_FILE_0}\"\n";
			showEnvVarsInLog = 0;
		};
		FDAF9BF7CE6649366CB9E4D4 /* [CP] Check Pods Manifest.lock */ = {
			isa = PBXShellScriptBuildPhase;
			buildActionMask = 2147483647;
			files = (
			);
			inputFileListPaths = (
			);
			inputPaths = (
				"${PODS_PODFILE_DIR_PATH}/Podfile.lock",
				"${PODS_ROOT}/Manifest.lock",
			);
			name = "[CP] Check Pods Manifest.lock";
			outputFileListPaths = (
			);
			outputPaths = (
				"$(DERIVED_FILE_DIR)/Pods-STT-checkManifestLockResult.txt",
			);
			runOnlyForDeploymentPostprocessing = 0;
			shellPath = /bin/sh;
			shellScript = "diff \"${PODS_PODFILE_DIR_PATH}/Podfile.lock\" \"${PODS_ROOT}/Manifest.lock\" > /dev/null\nif [ $? != 0 ] ; then\n    # print error to STDERR\n    echo \"error: The sandbox is not in sync with the Podfile.lock. Run 'pod install' or update your CocoaPods installation.\" >&2\n    exit 1\nfi\n# This output is used by Xcode 'outputs' to avoid re-running this script phase.\necho \"SUCCESS\" > \"${SCRIPT_OUTPUT_FILE_0}\"\n";
			showEnvVarsInLog = 0;
		};
		FF58EE8CD82015BC87AADBF5 /* [CP] Embed Pods Frameworks */ = {
			isa = PBXShellScriptBuildPhase;
			buildActionMask = 2147483647;
			files = (
			);
			inputFileListPaths = (
				"${PODS_ROOT}/Target Support Files/Pods-STT-STTTests/Pods-STT-STTTests-frameworks-${CONFIGURATION}-input-files.xcfilelist",
			);
			name = "[CP] Embed Pods Frameworks";
			outputFileListPaths = (
				"${PODS_ROOT}/Target Support Files/Pods-STT-STTTests/Pods-STT-STTTests-frameworks-${CONFIGURATION}-output-files.xcfilelist",
			);
			runOnlyForDeploymentPostprocessing = 0;
			shellPath = /bin/sh;
			shellScript = "\"${PODS_ROOT}/Target Support Files/Pods-STT-STTTests/Pods-STT-STTTests-frameworks.sh\"\n";
			showEnvVarsInLog = 0;
		};
/* End PBXShellScriptBuildPhase section */

/* Begin PBXSourcesBuildPhase section */
		50106A192237E49E002C634A /* Sources */ = {
			isa = PBXSourcesBuildPhase;
			buildActionMask = 2147483647;
			files = (
				7D98ECE8232D34BE00980EFC /* UIStackViewExtensions.swift in Sources */,
				7D98ED36232D504800980EFC /* UINavigationBarExtensions.swift in Sources */,
				7D98ECF5232D34BE00980EFC /* UIApplicationExtensions.swift in Sources */,
				7D98ECF4232D34BE00980EFC /* UITableViewExtensions.swift in Sources */,
				7D98ECE9232D34BE00980EFC /* UINavigationControllerExtensions.swift in Sources */,
				7D98ECF3232D34BE00980EFC /* UICollectionViewExtensions.swift in Sources */,
				7D98ECEF232D34BE00980EFC /* EncodableExtensions.swift in Sources */,
				50DB4DC7232B856900FDADA5 /* ViewController.swift in Sources */,
				7D98ECF9232D34BE00980EFC /* UIImageExtensions.swift in Sources */,
				7D98ECE2232D34BE00980EFC /* DataExtensions.swift in Sources */,
				7D98ECEC232D34BE00980EFC /* UISegmentControlExtensions.swift in Sources */,
				7D98ECEB232D34BE00980EFC /* UIViewExtensions.swift in Sources */,
				50DB4DCA232B8ACC00FDADA5 /* KeyboardNotification.swift in Sources */,
				7D98ECF2232D34BE00980EFC /* FormatterExtensions.swift in Sources */,
				7D98ECEE232D34BE00980EFC /* URLExtensions.swift in Sources */,
				7D98ECF6232D34BE00980EFC /* StringExtensions.swift in Sources */,
				7D62466F232CCA0B008D60E8 /* Presenter.swift in Sources */,
				7D98ECE5232D34BE00980EFC /* DateExtensions.swift in Sources */,
				7D98ECE1232D34BE00980EFC /* AVAssetExtensions.swift in Sources */,
				7D624669232CC1A3008D60E8 /* MulticastDelegate.swift in Sources */,
				7D98ECE3232D34BE00980EFC /* UIViewControllerExtensions.swift in Sources */,
				50DB4CDB232B7DC900FDADA5 /* PresenterType.swift in Sources */,
				7D98ECF8232D34BE00980EFC /* JsonDecoderExtensions.swift in Sources */,
				7D98ECE6232D34BE00980EFC /* ArrayExtensions.swift in Sources */,
				7D62466D232CC9A0008D60E8 /* KeyboardViewController.swift in Sources */,
				7D62466B232CC299008D60E8 /* GlobalObserver.swift in Sources */,
				7D98ECE7232D34BE00980EFC /* UIColorExtensions.swift in Sources */,
				50DB4DC5232B7F6700FDADA5 /* View.swift in Sources */,
				7D98ECF0232D34BE00980EFC /* UIPanGestureRecognizerExtensions.swift in Sources */,
				7D98ECED232D34BE00980EFC /* Dictionary+NSAttributedStringKey.swift in Sources */,
			);
			runOnlyForDeploymentPostprocessing = 0;
		};
		50106A222237E49E002C634A /* Sources */ = {
			isa = PBXSourcesBuildPhase;
			buildActionMask = 2147483647;
			files = (
				506C3F4B22CF64080022D218 /* DoubleGenericBindingTests.swift in Sources */,
				5001E26122CF520500644E06 /* LabelBindingTests.swift in Sources */,
				50106A2C2237E49E002C634A /* STTTests.swift in Sources */,
			);
			runOnlyForDeploymentPostprocessing = 0;
		};
/* End PBXSourcesBuildPhase section */

/* Begin PBXTargetDependency section */
		50106A292237E49E002C634A /* PBXTargetDependency */ = {
			isa = PBXTargetDependency;
			target = 50106A1C2237E49E002C634A /* STT */;
			targetProxy = 50106A282237E49E002C634A /* PBXContainerItemProxy */;
		};
/* End PBXTargetDependency section */

/* Begin XCBuildConfiguration section */
		50106A2F2237E49E002C634A /* Debug */ = {
			isa = XCBuildConfiguration;
			buildSettings = {
				ALWAYS_SEARCH_USER_PATHS = NO;
				CLANG_ANALYZER_NONNULL = YES;
				CLANG_ANALYZER_NUMBER_OBJECT_CONVERSION = YES_AGGRESSIVE;
				CLANG_CXX_LANGUAGE_STANDARD = "gnu++14";
				CLANG_CXX_LIBRARY = "libc++";
				CLANG_ENABLE_MODULES = YES;
				CLANG_ENABLE_OBJC_ARC = YES;
				CLANG_ENABLE_OBJC_WEAK = YES;
				CLANG_WARN_BLOCK_CAPTURE_AUTORELEASING = YES;
				CLANG_WARN_BOOL_CONVERSION = YES;
				CLANG_WARN_COMMA = YES;
				CLANG_WARN_CONSTANT_CONVERSION = YES;
				CLANG_WARN_DEPRECATED_OBJC_IMPLEMENTATIONS = YES;
				CLANG_WARN_DIRECT_OBJC_ISA_USAGE = YES_ERROR;
				CLANG_WARN_DOCUMENTATION_COMMENTS = YES;
				CLANG_WARN_EMPTY_BODY = YES;
				CLANG_WARN_ENUM_CONVERSION = YES;
				CLANG_WARN_INFINITE_RECURSION = YES;
				CLANG_WARN_INT_CONVERSION = YES;
				CLANG_WARN_NON_LITERAL_NULL_CONVERSION = YES;
				CLANG_WARN_OBJC_IMPLICIT_RETAIN_SELF = YES;
				CLANG_WARN_OBJC_LITERAL_CONVERSION = YES;
				CLANG_WARN_OBJC_ROOT_CLASS = YES_ERROR;
				CLANG_WARN_RANGE_LOOP_ANALYSIS = YES;
				CLANG_WARN_STRICT_PROTOTYPES = YES;
				CLANG_WARN_SUSPICIOUS_MOVE = YES;
				CLANG_WARN_UNGUARDED_AVAILABILITY = YES_AGGRESSIVE;
				CLANG_WARN_UNREACHABLE_CODE = YES;
				CLANG_WARN__DUPLICATE_METHOD_MATCH = YES;
				CODE_SIGN_IDENTITY = "iPhone Developer";
				COPY_PHASE_STRIP = NO;
				CURRENT_PROJECT_VERSION = 1;
				DEBUG_INFORMATION_FORMAT = dwarf;
				ENABLE_STRICT_OBJC_MSGSEND = YES;
				ENABLE_TESTABILITY = YES;
				GCC_C_LANGUAGE_STANDARD = gnu11;
				GCC_DYNAMIC_NO_PIC = NO;
				GCC_NO_COMMON_BLOCKS = YES;
				GCC_OPTIMIZATION_LEVEL = 0;
				GCC_PREPROCESSOR_DEFINITIONS = (
					"DEBUG=1",
					"$(inherited)",
				);
				GCC_WARN_64_TO_32_BIT_CONVERSION = YES;
				GCC_WARN_ABOUT_RETURN_TYPE = YES_ERROR;
				GCC_WARN_UNDECLARED_SELECTOR = YES;
				GCC_WARN_UNINITIALIZED_AUTOS = YES_AGGRESSIVE;
				GCC_WARN_UNUSED_FUNCTION = YES;
				GCC_WARN_UNUSED_VARIABLE = YES;
				IPHONEOS_DEPLOYMENT_TARGET = 12.1;
				MTL_ENABLE_DEBUG_INFO = INCLUDE_SOURCE;
				MTL_FAST_MATH = YES;
				ONLY_ACTIVE_ARCH = YES;
				SDKROOT = iphoneos;
				SWIFT_ACTIVE_COMPILATION_CONDITIONS = DEBUG;
				SWIFT_OPTIMIZATION_LEVEL = "-Onone";
				SWIFT_VERSION = 5.0;
				VERSIONING_SYSTEM = "apple-generic";
				VERSION_INFO_PREFIX = "";
			};
			name = Debug;
		};
		50106A302237E49E002C634A /* Release */ = {
			isa = XCBuildConfiguration;
			buildSettings = {
				ALWAYS_SEARCH_USER_PATHS = NO;
				CLANG_ANALYZER_NONNULL = YES;
				CLANG_ANALYZER_NUMBER_OBJECT_CONVERSION = YES_AGGRESSIVE;
				CLANG_CXX_LANGUAGE_STANDARD = "gnu++14";
				CLANG_CXX_LIBRARY = "libc++";
				CLANG_ENABLE_MODULES = YES;
				CLANG_ENABLE_OBJC_ARC = YES;
				CLANG_ENABLE_OBJC_WEAK = YES;
				CLANG_WARN_BLOCK_CAPTURE_AUTORELEASING = YES;
				CLANG_WARN_BOOL_CONVERSION = YES;
				CLANG_WARN_COMMA = YES;
				CLANG_WARN_CONSTANT_CONVERSION = YES;
				CLANG_WARN_DEPRECATED_OBJC_IMPLEMENTATIONS = YES;
				CLANG_WARN_DIRECT_OBJC_ISA_USAGE = YES_ERROR;
				CLANG_WARN_DOCUMENTATION_COMMENTS = YES;
				CLANG_WARN_EMPTY_BODY = YES;
				CLANG_WARN_ENUM_CONVERSION = YES;
				CLANG_WARN_INFINITE_RECURSION = YES;
				CLANG_WARN_INT_CONVERSION = YES;
				CLANG_WARN_NON_LITERAL_NULL_CONVERSION = YES;
				CLANG_WARN_OBJC_IMPLICIT_RETAIN_SELF = YES;
				CLANG_WARN_OBJC_LITERAL_CONVERSION = YES;
				CLANG_WARN_OBJC_ROOT_CLASS = YES_ERROR;
				CLANG_WARN_RANGE_LOOP_ANALYSIS = YES;
				CLANG_WARN_STRICT_PROTOTYPES = YES;
				CLANG_WARN_SUSPICIOUS_MOVE = YES;
				CLANG_WARN_UNGUARDED_AVAILABILITY = YES_AGGRESSIVE;
				CLANG_WARN_UNREACHABLE_CODE = YES;
				CLANG_WARN__DUPLICATE_METHOD_MATCH = YES;
				CODE_SIGN_IDENTITY = "iPhone Developer";
				COPY_PHASE_STRIP = NO;
				CURRENT_PROJECT_VERSION = 1;
				DEBUG_INFORMATION_FORMAT = "dwarf-with-dsym";
				ENABLE_NS_ASSERTIONS = NO;
				ENABLE_STRICT_OBJC_MSGSEND = YES;
				GCC_C_LANGUAGE_STANDARD = gnu11;
				GCC_NO_COMMON_BLOCKS = YES;
				GCC_WARN_64_TO_32_BIT_CONVERSION = YES;
				GCC_WARN_ABOUT_RETURN_TYPE = YES_ERROR;
				GCC_WARN_UNDECLARED_SELECTOR = YES;
				GCC_WARN_UNINITIALIZED_AUTOS = YES_AGGRESSIVE;
				GCC_WARN_UNUSED_FUNCTION = YES;
				GCC_WARN_UNUSED_VARIABLE = YES;
				IPHONEOS_DEPLOYMENT_TARGET = 12.1;
				MTL_ENABLE_DEBUG_INFO = NO;
				MTL_FAST_MATH = YES;
				SDKROOT = iphoneos;
				SWIFT_COMPILATION_MODE = wholemodule;
				SWIFT_OPTIMIZATION_LEVEL = "-O";
				SWIFT_VERSION = 5.0;
				VALIDATE_PRODUCT = YES;
				VERSIONING_SYSTEM = "apple-generic";
				VERSION_INFO_PREFIX = "";
			};
			name = Release;
		};
		50106A322237E49E002C634A /* Debug */ = {
			isa = XCBuildConfiguration;
			baseConfigurationReference = 7BE2066B701C5513D731D7AA /* Pods-STT.debug.xcconfig */;
			buildSettings = {
				ALWAYS_EMBED_SWIFT_STANDARD_LIBRARIES = "${inherited}";
				CLANG_ENABLE_MODULES = YES;
				CODE_SIGN_IDENTITY = "";
				CODE_SIGN_STYLE = Automatic;
				DEFINES_MODULE = YES;
				DYLIB_COMPATIBILITY_VERSION = 1;
				DYLIB_CURRENT_VERSION = 1;
				DYLIB_INSTALL_NAME_BASE = "@rpath";
				INFOPLIST_FILE = STT/Info.plist;
				INSTALL_PATH = "$(LOCAL_LIBRARY_DIR)/Frameworks";
				LD_RUNPATH_SEARCH_PATHS = (
					"$(inherited)",
					"@executable_path/Frameworks",
					"@loader_path/Frameworks",
				);
				PRODUCT_BUNDLE_IDENTIFIER = com.standret.STT;
				PRODUCT_NAME = "$(TARGET_NAME:c99extidentifier)";
				SKIP_INSTALL = YES;
				SWIFT_OPTIMIZATION_LEVEL = "-Onone";
				SWIFT_VERSION = 5.0;
				TARGETED_DEVICE_FAMILY = "1,2";
			};
			name = Debug;
		};
		50106A332237E49E002C634A /* Release */ = {
			isa = XCBuildConfiguration;
			baseConfigurationReference = F2A23C0E38B1F75627C89381 /* Pods-STT.release.xcconfig */;
			buildSettings = {
				ALWAYS_EMBED_SWIFT_STANDARD_LIBRARIES = "${inherited}";
				CLANG_ENABLE_MODULES = YES;
				CODE_SIGN_IDENTITY = "";
				CODE_SIGN_STYLE = Automatic;
				DEFINES_MODULE = YES;
				DYLIB_COMPATIBILITY_VERSION = 1;
				DYLIB_CURRENT_VERSION = 1;
				DYLIB_INSTALL_NAME_BASE = "@rpath";
				INFOPLIST_FILE = STT/Info.plist;
				INSTALL_PATH = "$(LOCAL_LIBRARY_DIR)/Frameworks";
				LD_RUNPATH_SEARCH_PATHS = (
					"$(inherited)",
					"@executable_path/Frameworks",
					"@loader_path/Frameworks",
				);
				PRODUCT_BUNDLE_IDENTIFIER = com.standret.STT;
				PRODUCT_NAME = "$(TARGET_NAME:c99extidentifier)";
				SKIP_INSTALL = YES;
				SWIFT_VERSION = 5.0;
				TARGETED_DEVICE_FAMILY = "1,2";
			};
			name = Release;
		};
		50106A352237E49E002C634A /* Debug */ = {
			isa = XCBuildConfiguration;
			baseConfigurationReference = F2E47C50D2A21A4A8A712D2F /* Pods-STT-STTTests.debug.xcconfig */;
			buildSettings = {
				ALWAYS_EMBED_SWIFT_STANDARD_LIBRARIES = "${inherited}";
				CODE_SIGN_STYLE = Automatic;
				INFOPLIST_FILE = STTTests/Info.plist;
				LD_RUNPATH_SEARCH_PATHS = (
					"$(inherited)",
					"@executable_path/Frameworks",
					"@loader_path/Frameworks",
				);
				PRODUCT_BUNDLE_IDENTIFIER = com.standret.STTTests;
				PRODUCT_NAME = "$(TARGET_NAME)";
				SWIFT_VERSION = 5.0;
				TARGETED_DEVICE_FAMILY = "1,2";
			};
			name = Debug;
		};
		50106A362237E49E002C634A /* Release */ = {
			isa = XCBuildConfiguration;
			baseConfigurationReference = 4CB31041FCD1F0EA231A42E4 /* Pods-STT-STTTests.release.xcconfig */;
			buildSettings = {
				ALWAYS_EMBED_SWIFT_STANDARD_LIBRARIES = "${inherited}";
				CODE_SIGN_STYLE = Automatic;
				INFOPLIST_FILE = STTTests/Info.plist;
				LD_RUNPATH_SEARCH_PATHS = (
					"$(inherited)",
					"@executable_path/Frameworks",
					"@loader_path/Frameworks",
				);
				PRODUCT_BUNDLE_IDENTIFIER = com.standret.STTTests;
				PRODUCT_NAME = "$(TARGET_NAME)";
				SWIFT_VERSION = 5.0;
				TARGETED_DEVICE_FAMILY = "1,2";
			};
			name = Release;
		};
/* End XCBuildConfiguration section */

/* Begin XCConfigurationList section */
		50106A172237E49E002C634A /* Build configuration list for PBXProject "STT" */ = {
			isa = XCConfigurationList;
			buildConfigurations = (
				50106A2F2237E49E002C634A /* Debug */,
				50106A302237E49E002C634A /* Release */,
			);
			defaultConfigurationIsVisible = 0;
			defaultConfigurationName = Release;
		};
		50106A312237E49E002C634A /* Build configuration list for PBXNativeTarget "STT" */ = {
			isa = XCConfigurationList;
			buildConfigurations = (
				50106A322237E49E002C634A /* Debug */,
				50106A332237E49E002C634A /* Release */,
			);
			defaultConfigurationIsVisible = 0;
			defaultConfigurationName = Release;
		};
		50106A342237E49E002C634A /* Build configuration list for PBXNativeTarget "STTTests" */ = {
			isa = XCConfigurationList;
			buildConfigurations = (
				50106A352237E49E002C634A /* Debug */,
				50106A362237E49E002C634A /* Release */,
			);
			defaultConfigurationIsVisible = 0;
			defaultConfigurationName = Release;
		};
/* End XCConfigurationList section */
	};
	rootObject = 50106A142237E49E002C634A /* Project object */;
}
