PODS:
  - Alamofire (4.8.1)
  - KeychainSwift (10.0.0)
  - LightRoute (2.1.20)
  - RxAlamofire (4.3.0):
    - RxAlamofire/Core (= 4.3.0)
  - RxAlamofire/Core (4.3.0):
    - Alamofire (~> 4.5)
    - RxSwift (~> 4)
  - RxAtomic (4.4.1)
  - RxSwift (4.4.1):
    - RxAtomic (~> 4.4)
  - TinyConstraints (3.3.1)

DEPENDENCIES:
  - Alamofire (~> 4.7)
  - KeychainSwift (~> 10.0)
  - LightRoute (from `https://github.com/SpectralDragon/LightRoute.git`, tag `2.1.20`)
  - RxAlamofire
  - RxSwift (~> 4.0)
  - TinyConstraints

SPEC REPOS:
  https://github.com/cocoapods/specs.git:
    - Alamofire
    - KeychainSwift
    - RxAlamofire
    - RxAtomic
    - RxSwift
    - TinyConstraints

EXTERNAL SOURCES:
  LightRoute:
    :git: https://github.com/SpectralDragon/LightRoute.git
    :tag: 2.1.20

CHECKOUT OPTIONS:
  LightRoute:
    :git: https://github.com/SpectralDragon/LightRoute.git
    :tag: 2.1.20

SPEC CHECKSUMS:
  Alamofire: 16ce2c353fb72865124ddae8a57c5942388f4f11
  KeychainSwift: f9f7910449a0c0fd2cabc889121530dd2c477c33
  LightRoute: aa65803a1d984be3be83651b433699077bfe6ab3
  RxAlamofire: 09624d0f2d48ed8b686e4eb4cf68e28cbd2df556
  RxAtomic: f8d6adc1ccb87a767811269e4875887bc74dbf19
  RxSwift: 92fcf68dfef21f3e2ab1965363d9e7b3d787597e
  TinyConstraints: dbf7519aefc01ea59d62244300c7718aec68e280

PODFILE CHECKSUM: 10eb8e24430ce8cc259dcaa3d31f2363a9cd5e7c

COCOAPODS: 1.7.0.rc.1
