PODS:
  - Alamofire (4.8.2)
  - KeychainSwift (16.0.1)
  - LightRoute (2.1.20)
  - RxAlamofire (5.0.0):
    - RxAlamofire/Core (= 5.0.0)
  - RxAlamofire/Core (5.0.0):
    - Alamofire (~> 4.8)
    - RxSwift (~> 5.0)
  - RxSwift (5.0.0)
  - TinyConstraints (4.0.1)

DEPENDENCIES:
  - Alamofire (~> 4.8.2)
  - KeychainSwift (~> 16.0)
  - LightRoute (from `https://github.com/SpectralDragon/LightRoute.git`, tag `2.1.20`)
  - RxAlamofire
  - RxSwift (~> 5)
  - TinyConstraints

SPEC REPOS:
  https://github.com/cocoapods/specs.git:
    - Alamofire
    - KeychainSwift
    - RxAlamofire
    - RxSwift
    - TinyConstraints

EXTERNAL SOURCES:
  LightRoute:
    :git: https://github.com/SpectralDragon/LightRoute.git
    :tag: 2.1.20

CHECKOUT OPTIONS:
  LightRoute:
    :git: https://github.com/SpectralDragon/LightRoute.git
    :tag: 2.1.20

SPEC CHECKSUMS:
  Alamofire: ae5c501addb7afdbb13687d7f2f722c78734c2d3
  KeychainSwift: 4209611373ca4a098e09b1e547eebd87c544dcc4
  LightRoute: aa65803a1d984be3be83651b433699077bfe6ab3
  RxAlamofire: e7875a012aff55345672d0f70a2a9cd6aeb0f211
  RxSwift: 8b0671caa829a763bbce7271095859121cbd895f
  TinyConstraints: 8dd91295e56797648c7bc335dd20e1d91ec4c192

PODFILE CHECKSUM: 89c3d3f558c6d41ba7f1dbf372e7004c36620439

COCOAPODS: 1.7.5
